
Microsoft Visual Studio Solution File, Format Version 12.00
# Visual Studio Version 17
VisualStudioVersion = 17.10.34928.147
MinimumVisualStudioVersion = 10.0.40219.1
Project("{FAE04EC0-301F-11D3-BF4B-00C04F79EFBC}") = "SeleniumWebDriverPOM.UI", "SeleniumWebDriverPOM.UI\SeleniumWebDriverPOM.UI.csproj", "{413FC6AD-00B5-4FF4-B54F-0FB6A2F6F8A8}"
EndProject
Project("{FAE04EC0-301F-11D3-BF4B-00C04F79EFBC}") = "SeleniumWebDriverPOM.Core", "SeleniumWebDriverPOM.Core\SeleniumWebDriverPOM.Core.csproj", "{36544473-18C7-4D73-BA1A-6C6ECDD65F75}"
EndProject
Project("{FAE04EC0-301F-11D3-BF4B-00C04F79EFBC}") = "SeleniumWebDriverPOM.Tests", "SeleniumWebDriverPOM.Tests\SeleniumWebDriverPOM.Tests.csproj", "{58526369-A680-4C59-A5CE-804075611C04}"
EndProject
Global
	GlobalSection(SolutionConfigurationPlatforms) = preSolution
		Debug|Any CPU = Debug|Any CPU
		Release|Any CPU = Release|Any CPU
	EndGlobalSection
	GlobalSection(ProjectConfigurationPlatforms) = postSolution
		{413FC6AD-00B5-4FF4-B54F-0FB6A2F6F8A8}.Debug|Any CPU.ActiveCfg = Debug|Any CPU
		{413FC6AD-00B5-4FF4-B54F-0FB6A2F6F8A8}.Debug|Any CPU.Build.0 = Debug|Any CPU
		{413FC6AD-00B5-4FF4-B54F-0FB6A2F6F8A8}.Release|Any CPU.ActiveCfg = Release|Any CPU
		{413FC6AD-00B5-4FF4-B54F-0FB6A2F6F8A8}.Release|Any CPU.Build.0 = Release|Any CPU
		{36544473-18C7-4D73-BA1A-6C6ECDD65F75}.Debug|Any CPU.ActiveCfg = Debug|Any CPU
		{36544473-18C7-4D73-BA1A-6C6ECDD65F75}.Debug|Any CPU.Build.0 = Debug|Any CPU
		{36544473-18C7-4D73-BA1A-6C6ECDD65F75}.Release|Any CPU.ActiveCfg = Release|Any CPU
		{36544473-18C7-4D73-BA1A-6C6ECDD65F75}.Release|Any CPU.Build.0 = Release|Any CPU
		{58526369-A680-4C59-A5CE-804075611C04}.Debug|Any CPU.ActiveCfg = Debug|Any CPU
		{58526369-A680-4C59-A5CE-804075611C04}.Debug|Any CPU.Build.0 = Debug|Any CPU
		{58526369-A680-4C59-A5CE-804075611C04}.Release|Any CPU.ActiveCfg = Release|Any CPU
		{58526369-A680-4C59-A5CE-804075611C04}.Release|Any CPU.Build.0 = Release|Any CPU
	EndGlobalSection
	GlobalSection(SolutionProperties) = preSolution
		HideSolutionNode = FALSE
	EndGlobalSection
	GlobalSection(ExtensibilityGlobals) = postSolution
		SolutionGuid = {1AE5490F-A628-4C21-A670-D6B24B151666}
	EndGlobalSection
EndGlobal
